
Microsoft Visual Studio Solution File, Format Version 12.00
# Visual Studio Version 17
VisualStudioVersion = 17.5.33530.505
MinimumVisualStudioVersion = 10.0.40219.1
Project("{FAE04EC0-301F-11D3-BF4B-00C04F79EFBC}") = "ForoEFapi", "ForoEFapi.csproj", "{08D874B9-B0DD-4BCD-B4A0-CE81E4553E9C}"
EndProject
Global
	GlobalSection(SolutionConfigurationPlatforms) = preSolution
		Debug|Any CPU = Debug|Any CPU
		Release|Any CPU = Release|Any CPU
	EndGlobalSection
	GlobalSection(ProjectConfigurationPlatforms) = postSolution
		{08D874B9-B0DD-4BCD-B4A0-CE81E4553E9C}.Debug|Any CPU.ActiveCfg = Debug|Any CPU
		{08D874B9-B0DD-4BCD-B4A0-CE81E4553E9C}.Debug|Any CPU.Build.0 = Debug|Any CPU
		{08D874B9-B0DD-4BCD-B4A0-CE81E4553E9C}.Release|Any CPU.ActiveCfg = Release|Any CPU
		{08D874B9-B0DD-4BCD-B4A0-CE81E4553E9C}.Release|Any CPU.Build.0 = Release|Any CPU
	EndGlobalSection
	GlobalSection(SolutionProperties) = preSolution
		HideSolutionNode = FALSE
	EndGlobalSection
	GlobalSection(ExtensibilityGlobals) = postSolution
		SolutionGuid = {D74FA92E-6EFA-4FB7-84FE-B820F88E296D}
	EndGlobalSection
EndGlobal
